// !$*UTF8*$!
{
	archiveVersion = 1;
	classes = {
	};
	objectVersion = 56;
	objects = {

/* Begin PBXBuildFile section */
		22C2CE8D2C974E8C00A406F7 /* PracticeImageClassificationApp.swift in Sources */ = {isa = PBXBuildFile; fileRef = 22C2CE8C2C974E8C00A406F7 /* PracticeImageClassificationApp.swift */; };
		22C2CE8F2C974E8C00A406F7 /* ContentView.swift in Sources */ = {isa = PBXBuildFile; fileRef = 22C2CE8E2C974E8C00A406F7 /* ContentView.swift */; };
		22C2CE912C974E8C00A406F7 /* Assets.xcassets in Resources */ = {isa = PBXBuildFile; fileRef = 22C2CE902C974E8C00A406F7 /* Assets.xcassets */; };
		22C2CE942C974E8C00A406F7 /* Preview Assets.xcassets in Resources */ = {isa = PBXBuildFile; fileRef = 22C2CE932C974E8C00A406F7 /* Preview Assets.xcassets */; };
		22C2CE962C974E8C00A406F7 /* Persistence.swift in Sources */ = {isa = PBXBuildFile; fileRef = 22C2CE952C974E8C00A406F7 /* Persistence.swift */; };
		22C2CE992C974E8C00A406F7 /* PracticeImageClassification.xcdatamodeld in Sources */ = {isa = PBXBuildFile; fileRef = 22C2CE972C974E8C00A406F7 /* PracticeImageClassification.xcdatamodeld */; };
		22C2CEA32C974E8C00A406F7 /* PracticeImageClassificationTests.swift in Sources */ = {isa = PBXBuildFile; fileRef = 22C2CEA22C974E8C00A406F7 /* PracticeImageClassificationTests.swift */; };
		22C2CEAD2C974E8C00A406F7 /* PracticeImageClassificationUITests.swift in Sources */ = {isa = PBXBuildFile; fileRef = 22C2CEAC2C974E8C00A406F7 /* PracticeImageClassificationUITests.swift */; };
		22C2CEAF2C974E8C00A406F7 /* PracticeImageClassificationUITestsLaunchTests.swift in Sources */ = {isa = PBXBuildFile; fileRef = 22C2CEAE2C974E8C00A406F7 /* PracticeImageClassificationUITestsLaunchTests.swift */; };
		22F9E7072C977DAB003198D5 /* CameraPreview.swift in Sources */ = {isa = PBXBuildFile; fileRef = 22F9E7062C977DAB003198D5 /* CameraPreview.swift */; };
		22F9E7092C978D5C003198D5 /* ContentViewModel.swift in Sources */ = {isa = PBXBuildFile; fileRef = 22F9E7082C978D5C003198D5 /* ContentViewModel.swift */; };
/* End PBXBuildFile section */

/* Begin PBXContainerItemProxy section */
		22C2CE9F2C974E8C00A406F7 /* PBXContainerItemProxy */ = {
			isa = PBXContainerItemProxy;
			containerPortal = 22C2CE812C974E8C00A406F7 /* Project object */;
			proxyType = 1;
			remoteGlobalIDString = 22C2CE882C974E8C00A406F7;
			remoteInfo = PracticeImageClassification;
		};
		22C2CEA92C974E8C00A406F7 /* PBXContainerItemProxy */ = {
			isa = PBXContainerItemProxy;
			containerPortal = 22C2CE812C974E8C00A406F7 /* Project object */;
			proxyType = 1;
			remoteGlobalIDString = 22C2CE882C974E8C00A406F7;
			remoteInfo = PracticeImageClassification;
		};
/* End PBXContainerItemProxy section */

/* Begin PBXFileReference section */
		22C2CE892C974E8C00A406F7 /* PracticeImageClassification.app */ = {isa = PBXFileReference; explicitFileType = wrapper.application; includeInIndex = 0; path = PracticeImageClassification.app; sourceTree = BUILT_PRODUCTS_DIR; };
		22C2CE8C2C974E8C00A406F7 /* PracticeImageClassificationApp.swift */ = {isa = PBXFileReference; lastKnownFileType = sourcecode.swift; path = PracticeImageClassificationApp.swift; sourceTree = "<group>"; };
		22C2CE8E2C974E8C00A406F7 /* ContentView.swift */ = {isa = PBXFileReference; lastKnownFileType = sourcecode.swift; path = ContentView.swift; sourceTree = "<group>"; };
		22C2CE902C974E8C00A406F7 /* Assets.xcassets */ = {isa = PBXFileReference; lastKnownFileType = folder.assetcatalog; path = Assets.xcassets; sourceTree = "<group>"; };
		22C2CE932C974E8C00A406F7 /* Preview Assets.xcassets */ = {isa = PBXFileReference; lastKnownFileType = folder.assetcatalog; path = "Preview Assets.xcassets"; sourceTree = "<group>"; };
		22C2CE952C974E8C00A406F7 /* Persistence.swift */ = {isa = PBXFileReference; lastKnownFileType = sourcecode.swift; path = Persistence.swift; sourceTree = "<group>"; };
		22C2CE982C974E8C00A406F7 /* PracticeImageClassification.xcdatamodel */ = {isa = PBXFileReference; lastKnownFileType = wrapper.xcdatamodel; path = PracticeImageClassification.xcdatamodel; sourceTree = "<group>"; };
		22C2CE9E2C974E8C00A406F7 /* PracticeImageClassificationTests.xctest */ = {isa = PBXFileReference; explicitFileType = wrapper.cfbundle; includeInIndex = 0; path = PracticeImageClassificationTests.xctest; sourceTree = BUILT_PRODUCTS_DIR; };
		22C2CEA22C974E8C00A406F7 /* PracticeImageClassificationTests.swift */ = {isa = PBXFileReference; lastKnownFileType = sourcecode.swift; path = PracticeImageClassificationTests.swift; sourceTree = "<group>"; };
		22C2CEA82C974E8C00A406F7 /* PracticeImageClassificationUITests.xctest */ = {isa = PBXFileReference; explicitFileType = wrapper.cfbundle; includeInIndex = 0; path = PracticeImageClassificationUITests.xctest; sourceTree = BUILT_PRODUCTS_DIR; };
		22C2CEAC2C974E8C00A406F7 /* PracticeImageClassificationUITests.swift */ = {isa = PBXFileReference; lastKnownFileType = sourcecode.swift; path = PracticeImageClassificationUITests.swift; sourceTree = "<group>"; };
		22C2CEAE2C974E8C00A406F7 /* PracticeImageClassificationUITestsLaunchTests.swift */ = {isa = PBXFileReference; lastKnownFileType = sourcecode.swift; path = PracticeImageClassificationUITestsLaunchTests.swift; sourceTree = "<group>"; };
		22F9E7062C977DAB003198D5 /* CameraPreview.swift */ = {isa = PBXFileReference; lastKnownFileType = sourcecode.swift; path = CameraPreview.swift; sourceTree = "<group>"; };
		22F9E7082C978D5C003198D5 /* ContentViewModel.swift */ = {isa = PBXFileReference; lastKnownFileType = sourcecode.swift; path = ContentViewModel.swift; sourceTree = "<group>"; };
/* End PBXFileReference section */

/* Begin PBXFrameworksBuildPhase section */
		22C2CE862C974E8C00A406F7 /* Frameworks */ = {
			isa = PBXFrameworksBuildPhase;
			buildActionMask = 2147483647;
			files = (
			);
			runOnlyForDeploymentPostprocessing = 0;
		};
		22C2CE9B2C974E8C00A406F7 /* Frameworks */ = {
			isa = PBXFrameworksBuildPhase;
			buildActionMask = 2147483647;
			files = (
			);
			runOnlyForDeploymentPostprocessing = 0;
		};
		22C2CEA52C974E8C00A406F7 /* Frameworks */ = {
			isa = PBXFrameworksBuildPhase;
			buildActionMask = 2147483647;
			files = (
			);
			runOnlyForDeploymentPostprocessing = 0;
		};
/* End PBXFrameworksBuildPhase section */

/* Begin PBXGroup section */
		22C2CE802C974E8C00A406F7 = {
			isa = PBXGroup;
			children = (
				22C2CE8B2C974E8C00A406F7 /* PracticeImageClassification */,
				22C2CEA12C974E8C00A406F7 /* PracticeImageClassificationTests */,
				22C2CEAB2C974E8C00A406F7 /* PracticeImageClassificationUITests */,
				22C2CE8A2C974E8C00A406F7 /* Products */,
			);
			sourceTree = "<group>";
		};
		22C2CE8A2C974E8C00A406F7 /* Products */ = {
			isa = PBXGroup;
			children = (
				22C2CE892C974E8C00A406F7 /* PracticeImageClassification.app */,
				22C2CE9E2C974E8C00A406F7 /* PracticeImageClassificationTests.xctest */,
				22C2CEA82C974E8C00A406F7 /* PracticeImageClassificationUITests.xctest */,
			);
			name = Products;
			sourceTree = "<group>";
		};
		22C2CE8B2C974E8C00A406F7 /* PracticeImageClassification */ = {
			isa = PBXGroup;
			children = (
				22C2CE8C2C974E8C00A406F7 /* PracticeImageClassificationApp.swift */,
				22C2CE8E2C974E8C00A406F7 /* ContentView.swift */,
				22F9E7082C978D5C003198D5 /* ContentViewModel.swift */,
				22F9E7062C977DAB003198D5 /* CameraPreview.swift */,
				22C2CE902C974E8C00A406F7 /* Assets.xcassets */,
				22C2CE952C974E8C00A406F7 /* Persistence.swift */,
				22C2CE972C974E8C00A406F7 /* PracticeImageClassification.xcdatamodeld */,
				22C2CE922C974E8C00A406F7 /* Preview Content */,
			);
			path = PracticeImageClassification;
			sourceTree = "<group>";
		};
		22C2CE922C974E8C00A406F7 /* Preview Content */ = {
			isa = PBXGroup;
			children = (
				22C2CE932C974E8C00A406F7 /* Preview Assets.xcassets */,
			);
			path = "Preview Content";
			sourceTree = "<group>";
		};
		22C2CEA12C974E8C00A406F7 /* PracticeImageClassificationTests */ = {
			isa = PBXGroup;
			children = (
				22C2CEA22C974E8C00A406F7 /* PracticeImageClassificationTests.swift */,
			);
			path = PracticeImageClassificationTests;
			sourceTree = "<group>";
		};
		22C2CEAB2C974E8C00A406F7 /* PracticeImageClassificationUITests */ = {
			isa = PBXGroup;
			children = (
				22C2CEAC2C974E8C00A406F7 /* PracticeImageClassificationUITests.swift */,
				22C2CEAE2C974E8C00A406F7 /* PracticeImageClassificationUITestsLaunchTests.swift */,
			);
			path = PracticeImageClassificationUITests;
			sourceTree = "<group>";
		};
/* End PBXGroup section */

/* Begin PBXNativeTarget section */
		22C2CE882C974E8C00A406F7 /* PracticeImageClassification */ = {
			isa = PBXNativeTarget;
			buildConfigurationList = 22C2CEB22C974E8C00A406F7 /* Build configuration list for PBXNativeTarget "PracticeImageClassification" */;
			buildPhases = (
				22C2CE852C974E8C00A406F7 /* Sources */,
				22C2CE862C974E8C00A406F7 /* Frameworks */,
				22C2CE872C974E8C00A406F7 /* Resources */,
			);
			buildRules = (
			);
			dependencies = (
			);
			name = PracticeImageClassification;
			productName = PracticeImageClassification;
			productReference = 22C2CE892C974E8C00A406F7 /* PracticeImageClassification.app */;
			productType = "com.apple.product-type.application";
		};
		22C2CE9D2C974E8C00A406F7 /* PracticeImageClassificationTests */ = {
			isa = PBXNativeTarget;
			buildConfigurationList = 22C2CEB52C974E8C00A406F7 /* Build configuration list for PBXNativeTarget "PracticeImageClassificationTests" */;
			buildPhases = (
				22C2CE9A2C974E8C00A406F7 /* Sources */,
				22C2CE9B2C974E8C00A406F7 /* Frameworks */,
				22C2CE9C2C974E8C00A406F7 /* Resources */,
			);
			buildRules = (
			);
			dependencies = (
				22C2CEA02C974E8C00A406F7 /* PBXTargetDependency */,
			);
			name = PracticeImageClassificationTests;
			productName = PracticeImageClassificationTests;
			productReference = 22C2CE9E2C974E8C00A406F7 /* PracticeImageClassificationTests.xctest */;
			productType = "com.apple.product-type.bundle.unit-test";
		};
		22C2CEA72C974E8C00A406F7 /* PracticeImageClassificationUITests */ = {
			isa = PBXNativeTarget;
			buildConfigurationList = 22C2CEB82C974E8C00A406F7 /* Build configuration list for PBXNativeTarget "PracticeImageClassificationUITests" */;
			buildPhases = (
				22C2CEA42C974E8C00A406F7 /* Sources */,
				22C2CEA52C974E8C00A406F7 /* Frameworks */,
				22C2CEA62C974E8C00A406F7 /* Resources */,
			);
			buildRules = (
			);
			dependencies = (
				22C2CEAA2C974E8C00A406F7 /* PBXTargetDependency */,
			);
			name = PracticeImageClassificationUITests;
			productName = PracticeImageClassificationUITests;
			productReference = 22C2CEA82C974E8C00A406F7 /* PracticeImageClassificationUITests.xctest */;
			productType = "com.apple.product-type.bundle.ui-testing";
		};
/* End PBXNativeTarget section */

/* Begin PBXProject section */
		22C2CE812C974E8C00A406F7 /* Project object */ = {
			isa = PBXProject;
			attributes = {
				BuildIndependentTargetsInParallel = 1;
				LastSwiftUpdateCheck = 1540;
				LastUpgradeCheck = 1540;
				TargetAttributes = {
					22C2CE882C974E8C00A406F7 = {
						CreatedOnToolsVersion = 15.4;
					};
					22C2CE9D2C974E8C00A406F7 = {
						CreatedOnToolsVersion = 15.4;
						TestTargetID = 22C2CE882C974E8C00A406F7;
					};
					22C2CEA72C974E8C00A406F7 = {
						CreatedOnToolsVersion = 15.4;
						TestTargetID = 22C2CE882C974E8C00A406F7;
					};
				};
			};
			buildConfigurationList = 22C2CE842C974E8C00A406F7 /* Build configuration list for PBXProject "PracticeImageClassification" */;
			compatibilityVersion = "Xcode 14.0";
			developmentRegion = en;
			hasScannedForEncodings = 0;
			knownRegions = (
				en,
				Base,
			);
			mainGroup = 22C2CE802C974E8C00A406F7;
			productRefGroup = 22C2CE8A2C974E8C00A406F7 /* Products */;
			projectDirPath = "";
			projectRoot = "";
			targets = (
				22C2CE882C974E8C00A406F7 /* PracticeImageClassification */,
				22C2CE9D2C974E8C00A406F7 /* PracticeImageClassificationTests */,
				22C2CEA72C974E8C00A406F7 /* PracticeImageClassificationUITests */,
			);
		};
/* End PBXProject section */

/* Begin PBXResourcesBuildPhase section */
		22C2CE872C974E8C00A406F7 /* Resources */ = {
			isa = PBXResourcesBuildPhase;
			buildActionMask = 2147483647;
			files = (
				22C2CE942C974E8C00A406F7 /* Preview Assets.xcassets in Resources */,
				22C2CE912C974E8C00A406F7 /* Assets.xcassets in Resources */,
			);
			runOnlyForDeploymentPostprocessing = 0;
		};
		22C2CE9C2C974E8C00A406F7 /* Resources */ = {
			isa = PBXResourcesBuildPhase;
			buildActionMask = 2147483647;
			files = (
			);
			runOnlyForDeploymentPostprocessing = 0;
		};
		22C2CEA62C974E8C00A406F7 /* Resources */ = {
			isa = PBXResourcesBuildPhase;
			buildActionMask = 2147483647;
			files = (
			);
			runOnlyForDeploymentPostprocessing = 0;
		};
/* End PBXResourcesBuildPhase section */

/* Begin PBXSourcesBuildPhase section */
		22C2CE852C974E8C00A406F7 /* Sources */ = {
			isa = PBXSourcesBuildPhase;
			buildActionMask = 2147483647;
			files = (
				22F9E7072C977DAB003198D5 /* CameraPreview.swift in Sources */,
				22C2CE962C974E8C00A406F7 /* Persistence.swift in Sources */,
				22F9E7092C978D5C003198D5 /* ContentViewModel.swift in Sources */,
				22C2CE8F2C974E8C00A406F7 /* ContentView.swift in Sources */,
				22C2CE992C974E8C00A406F7 /* PracticeImageClassification.xcdatamodeld in Sources */,
				22C2CE8D2C974E8C00A406F7 /* PracticeImageClassificationApp.swift in Sources */,
			);
			runOnlyForDeploymentPostprocessing = 0;
		};
		22C2CE9A2C974E8C00A406F7 /* Sources */ = {
			isa = PBXSourcesBuildPhase;
			buildActionMask = 2147483647;
			files = (
				22C2CEA32C974E8C00A406F7 /* PracticeImageClassificationTests.swift in Sources */,
			);
			runOnlyForDeploymentPostprocessing = 0;
		};
		22C2CEA42C974E8C00A406F7 /* Sources */ = {
			isa = PBXSourcesBuildPhase;
			buildActionMask = 2147483647;
			files = (
				22C2CEAD2C974E8C00A406F7 /* PracticeImageClassificationUITests.swift in Sources */,
				22C2CEAF2C974E8C00A406F7 /* PracticeImageClassificationUITestsLaunchTests.swift in Sources */,
			);
			runOnlyForDeploymentPostprocessing = 0;
		};
/* End PBXSourcesBuildPhase section */

/* Begin PBXTargetDependency section */
		22C2CEA02C974E8C00A406F7 /* PBXTargetDependency */ = {
			isa = PBXTargetDependency;
			target = 22C2CE882C974E8C00A406F7 /* PracticeImageClassification */;
			targetProxy = 22C2CE9F2C974E8C00A406F7 /* PBXContainerItemProxy */;
		};
		22C2CEAA2C974E8C00A406F7 /* PBXTargetDependency */ = {
			isa = PBXTargetDependency;
			target = 22C2CE882C974E8C00A406F7 /* PracticeImageClassification */;
			targetProxy = 22C2CEA92C974E8C00A406F7 /* PBXContainerItemProxy */;
		};
/* End PBXTargetDependency section */

/* Begin XCBuildConfiguration section */
		22C2CEB02C974E8C00A406F7 /* Debug */ = {
			isa = XCBuildConfiguration;
			buildSettings = {
				ALWAYS_SEARCH_USER_PATHS = NO;
				ASSETCATALOG_COMPILER_GENERATE_SWIFT_ASSET_SYMBOL_EXTENSIONS = YES;
				CLANG_ANALYZER_NONNULL = YES;
				CLANG_ANALYZER_NUMBER_OBJECT_CONVERSION = YES_AGGRESSIVE;
				CLANG_CXX_LANGUAGE_STANDARD = "gnu++20";
				CLANG_ENABLE_MODULES = YES;
				CLANG_ENABLE_OBJC_ARC = YES;
				CLANG_ENABLE_OBJC_WEAK = YES;
				CLANG_WARN_BLOCK_CAPTURE_AUTORELEASING = YES;
				CLANG_WARN_BOOL_CONVERSION = YES;
				CLANG_WARN_COMMA = YES;
				CLANG_WARN_CONSTANT_CONVERSION = YES;
				CLANG_WARN_DEPRECATED_OBJC_IMPLEMENTATIONS = YES;
				CLANG_WARN_DIRECT_OBJC_ISA_USAGE = YES_ERROR;
				CLANG_WARN_DOCUMENTATION_COMMENTS = YES;
				CLANG_WARN_EMPTY_BODY = YES;
				CLANG_WARN_ENUM_CONVERSION = YES;
				CLANG_WARN_INFINITE_RECURSION = YES;
				CLANG_WARN_INT_CONVERSION = YES;
				CLANG_WARN_NON_LITERAL_NULL_CONVERSION = YES;
				CLANG_WARN_OBJC_IMPLICIT_RETAIN_SELF = YES;
				CLANG_WARN_OBJC_LITERAL_CONVERSION = YES;
				CLANG_WARN_OBJC_ROOT_CLASS = YES_ERROR;
				CLANG_WARN_QUOTED_INCLUDE_IN_FRAMEWORK_HEADER = YES;
				CLANG_WARN_RANGE_LOOP_ANALYSIS = YES;
				CLANG_WARN_STRICT_PROTOTYPES = YES;
				CLANG_WARN_SUSPICIOUS_MOVE = YES;
				CLANG_WARN_UNGUARDED_AVAILABILITY = YES_AGGRESSIVE;
				CLANG_WARN_UNREACHABLE_CODE = YES;
				CLANG_WARN__DUPLICATE_METHOD_MATCH = YES;
				COPY_PHASE_STRIP = NO;
				DEBUG_INFORMATION_FORMAT = dwarf;
				ENABLE_STRICT_OBJC_MSGSEND = YES;
				ENABLE_TESTABILITY = YES;
				ENABLE_USER_SCRIPT_SANDBOXING = YES;
				GCC_C_LANGUAGE_STANDARD = gnu17;
				GCC_DYNAMIC_NO_PIC = NO;
				GCC_NO_COMMON_BLOCKS = YES;
				GCC_OPTIMIZATION_LEVEL = 0;
				GCC_PREPROCESSOR_DEFINITIONS = (
					"DEBUG=1",
					"$(inherited)",
				);
				GCC_WARN_64_TO_32_BIT_CONVERSION = YES;
				GCC_WARN_ABOUT_RETURN_TYPE = YES_ERROR;
				GCC_WARN_UNDECLARED_SELECTOR = YES;
				GCC_WARN_UNINITIALIZED_AUTOS = YES_AGGRESSIVE;
				GCC_WARN_UNUSED_FUNCTION = YES;
				GCC_WARN_UNUSED_VARIABLE = YES;
				IPHONEOS_DEPLOYMENT_TARGET = 17.5;
				LOCALIZATION_PREFERS_STRING_CATALOGS = YES;
				MTL_ENABLE_DEBUG_INFO = INCLUDE_SOURCE;
				MTL_FAST_MATH = YES;
				ONLY_ACTIVE_ARCH = YES;
				SDKROOT = iphoneos;
				SWIFT_ACTIVE_COMPILATION_CONDITIONS = "DEBUG $(inherited)";
				SWIFT_OPTIMIZATION_LEVEL = "-Onone";
			};
			name = Debug;
		};
		22C2CEB12C974E8C00A406F7 /* Release */ = {
			isa = XCBuildConfiguration;
			buildSettings = {
				ALWAYS_SEARCH_USER_PATHS = NO;
				ASSETCATALOG_COMPILER_GENERATE_SWIFT_ASSET_SYMBOL_EXTENSIONS = YES;
				CLANG_ANALYZER_NONNULL = YES;
				CLANG_ANALYZER_NUMBER_OBJECT_CONVERSION = YES_AGGRESSIVE;
				CLANG_CXX_LANGUAGE_STANDARD = "gnu++20";
				CLANG_ENABLE_MODULES = YES;
				CLANG_ENABLE_OBJC_ARC = YES;
				CLANG_ENABLE_OBJC_WEAK = YES;
				CLANG_WARN_BLOCK_CAPTURE_AUTORELEASING = YES;
				CLANG_WARN_BOOL_CONVERSION = YES;
				CLANG_WARN_COMMA = YES;
				CLANG_WARN_CONSTANT_CONVERSION = YES;
				CLANG_WARN_DEPRECATED_OBJC_IMPLEMENTATIONS = YES;
				CLANG_WARN_DIRECT_OBJC_ISA_USAGE = YES_ERROR;
				CLANG_WARN_DOCUMENTATION_COMMENTS = YES;
				CLANG_WARN_EMPTY_BODY = YES;
				CLANG_WARN_ENUM_CONVERSION = YES;
				CLANG_WARN_INFINITE_RECURSION = YES;
				CLANG_WARN_INT_CONVERSION = YES;
				CLANG_WARN_NON_LITERAL_NULL_CONVERSION = YES;
				CLANG_WARN_OBJC_IMPLICIT_RETAIN_SELF = YES;
				CLANG_WARN_OBJC_LITERAL_CONVERSION = YES;
				CLANG_WARN_OBJC_ROOT_CLASS = YES_ERROR;
				CLANG_WARN_QUOTED_INCLUDE_IN_FRAMEWORK_HEADER = YES;
				CLANG_WARN_RANGE_LOOP_ANALYSIS = YES;
				CLANG_WARN_STRICT_PROTOTYPES = YES;
				CLANG_WARN_SUSPICIOUS_MOVE = YES;
				CLANG_WARN_UNGUARDED_AVAILABILITY = YES_AGGRESSIVE;
				CLANG_WARN_UNREACHABLE_CODE = YES;
				CLANG_WARN__DUPLICATE_METHOD_MATCH = YES;
				COPY_PHASE_STRIP = NO;
				DEBUG_INFORMATION_FORMAT = "dwarf-with-dsym";
				ENABLE_NS_ASSERTIONS = NO;
				ENABLE_STRICT_OBJC_MSGSEND = YES;
				ENABLE_USER_SCRIPT_SANDBOXING = YES;
				GCC_C_LANGUAGE_STANDARD = gnu17;
				GCC_NO_COMMON_BLOCKS = YES;
				GCC_WARN_64_TO_32_BIT_CONVERSION = YES;
				GCC_WARN_ABOUT_RETURN_TYPE = YES_ERROR;
				GCC_WARN_UNDECLARED_SELECTOR = YES;
				GCC_WARN_UNINITIALIZED_AUTOS = YES_AGGRESSIVE;
				GCC_WARN_UNUSED_FUNCTION = YES;
				GCC_WARN_UNUSED_VARIABLE = YES;
				IPHONEOS_DEPLOYMENT_TARGET = 17.5;
				LOCALIZATION_PREFERS_STRING_CATALOGS = YES;
				MTL_ENABLE_DEBUG_INFO = NO;
				MTL_FAST_MATH = YES;
				SDKROOT = iphoneos;
				SWIFT_COMPILATION_MODE = wholemodule;
				VALIDATE_PRODUCT = YES;
			};
			name = Release;
		};
		22C2CEB32C974E8C00A406F7 /* Debug */ = {
			isa = XCBuildConfiguration;
			buildSettings = {
				ASSETCATALOG_COMPILER_APPICON_NAME = AppIcon;
				ASSETCATALOG_COMPILER_GLOBAL_ACCENT_COLOR_NAME = AccentColor;
				CODE_SIGN_STYLE = Automatic;
				CURRENT_PROJECT_VERSION = 1;
				DEVELOPMENT_ASSET_PATHS = "\"PracticeImageClassification/Preview Content\"";
				DEVELOPMENT_TEAM = T44788J83Y;
				ENABLE_PREVIEWS = YES;
				GENERATE_INFOPLIST_FILE = YES;
				INFOPLIST_KEY_UIApplicationSceneManifest_Generation = YES;
				INFOPLIST_KEY_UIApplicationSupportsIndirectInputEvents = YES;
				INFOPLIST_KEY_UILaunchScreen_Generation = YES;
				INFOPLIST_KEY_UISupportedInterfaceOrientations_iPad = "UIInterfaceOrientationPortrait UIInterfaceOrientationPortraitUpsideDown UIInterfaceOrientationLandscapeLeft UIInterfaceOrientationLandscapeRight";
				INFOPLIST_KEY_UISupportedInterfaceOrientations_iPhone = "UIInterfaceOrientationPortrait UIInterfaceOrientationLandscapeLeft UIInterfaceOrientationLandscapeRight";
				LD_RUNPATH_SEARCH_PATHS = (
					"$(inherited)",
					"@executable_path/Frameworks",
				);
				MARKETING_VERSION = 1.0;
				PRODUCT_BUNDLE_IDENTIFIER = Tabita.PracticeImageClassification;
				PRODUCT_NAME = "$(TARGET_NAME)";
				SWIFT_EMIT_LOC_STRINGS = YES;
				SWIFT_VERSION = 5.0;
				TARGETED_DEVICE_FAMILY = "1,2";
			};
			name = Debug;
		};
		22C2CEB42C974E8C00A406F7 /* Release */ = {
			isa = XCBuildConfiguration;
			buildSettings = {
				ASSETCATALOG_COMPILER_APPICON_NAME = AppIcon;
				ASSETCATALOG_COMPILER_GLOBAL_ACCENT_COLOR_NAME = AccentColor;
				CODE_SIGN_STYLE = Automatic;
				CURRENT_PROJECT_VERSION = 1;
				DEVELOPMENT_ASSET_PATHS = "\"PracticeImageClassification/Preview Content\"";
				DEVELOPMENT_TEAM = T44788J83Y;
				ENABLE_PREVIEWS = YES;
				GENERATE_INFOPLIST_FILE = YES;
				INFOPLIST_KEY_UIApplicationSceneManifest_Generation = YES;
				INFOPLIST_KEY_UIApplicationSupportsIndirectInputEvents = YES;
				INFOPLIST_KEY_UILaunchScreen_Generation = YES;
				INFOPLIST_KEY_UISupportedInterfaceOrientations_iPad = "UIInterfaceOrientationPortrait UIInterfaceOrientationPortraitUpsideDown UIInterfaceOrientationLandscapeLeft UIInterfaceOrientationLandscapeRight";
				INFOPLIST_KEY_UISupportedInterfaceOrientations_iPhone = "UIInterfaceOrientationPortrait UIInterfaceOrientationLandscapeLeft UIInterfaceOrientationLandscapeRight";
				LD_RUNPATH_SEARCH_PATHS = (
					"$(inherited)",
					"@executable_path/Frameworks",
				);
				MARKETING_VERSION = 1.0;
				PRODUCT_BUNDLE_IDENTIFIER = Tabita.PracticeImageClassification;
				PRODUCT_NAME = "$(TARGET_NAME)";
				SWIFT_EMIT_LOC_STRINGS = YES;
				SWIFT_VERSION = 5.0;
				TARGETED_DEVICE_FAMILY = "1,2";
			};
			name = Release;
		};
		22C2CEB62C974E8C00A406F7 /* Debug */ = {
			isa = XCBuildConfiguration;
			buildSettings = {
				ALWAYS_EMBED_SWIFT_STANDARD_LIBRARIES = YES;
				BUNDLE_LOADER = "$(TEST_HOST)";
				CODE_SIGN_STYLE = Automatic;
				CURRENT_PROJECT_VERSION = 1;
				DEVELOPMENT_TEAM = T44788J83Y;
				GENERATE_INFOPLIST_FILE = YES;
				IPHONEOS_DEPLOYMENT_TARGET = 17.5;
				MARKETING_VERSION = 1.0;
				PRODUCT_BUNDLE_IDENTIFIER = Tabita.PracticeImageClassificationTests;
				PRODUCT_NAME = "$(TARGET_NAME)";
				SWIFT_EMIT_LOC_STRINGS = NO;
				SWIFT_VERSION = 5.0;
				TARGETED_DEVICE_FAMILY = "1,2";
				TEST_HOST = "$(BUILT_PRODUCTS_DIR)/PracticeImageClassification.app/$(BUNDLE_EXECUTABLE_FOLDER_PATH)/PracticeImageClassification";
			};
			name = Debug;
		};
		22C2CEB72C974E8C00A406F7 /* Release */ = {
			isa = XCBuildConfiguration;
			buildSettings = {
				ALWAYS_EMBED_SWIFT_STANDARD_LIBRARIES = YES;
				BUNDLE_LOADER = "$(TEST_HOST)";
				CODE_SIGN_STYLE = Automatic;
				CURRENT_PROJECT_VERSION = 1;
				DEVELOPMENT_TEAM = T44788J83Y;
				GENERATE_INFOPLIST_FILE = YES;
				IPHONEOS_DEPLOYMENT_TARGET = 17.5;
				MARKETING_VERSION = 1.0;
				PRODUCT_BUNDLE_IDENTIFIER = Tabita.PracticeImageClassificationTests;
				PRODUCT_NAME = "$(TARGET_NAME)";
				SWIFT_EMIT_LOC_STRINGS = NO;
				SWIFT_VERSION = 5.0;
				TARGETED_DEVICE_FAMILY = "1,2";
				TEST_HOST = "$(BUILT_PRODUCTS_DIR)/PracticeImageClassification.app/$(BUNDLE_EXECUTABLE_FOLDER_PATH)/PracticeImageClassification";
			};
			name = Release;
		};
		22C2CEB92C974E8C00A406F7 /* Debug */ = {
			isa = XCBuildConfiguration;
			buildSettings = {
				ALWAYS_EMBED_SWIFT_STANDARD_LIBRARIES = YES;
				CODE_SIGN_STYLE = Automatic;
				CURRENT_PROJECT_VERSION = 1;
				DEVELOPMENT_TEAM = T44788J83Y;
				GENERATE_INFOPLIST_FILE = YES;
				MARKETING_VERSION = 1.0;
				PRODUCT_BUNDLE_IDENTIFIER = Tabita.PracticeImageClassificationUITests;
				PRODUCT_NAME = "$(TARGET_NAME)";
				SWIFT_EMIT_LOC_STRINGS = NO;
				SWIFT_VERSION = 5.0;
				TARGETED_DEVICE_FAMILY = "1,2";
				TEST_TARGET_NAME = PracticeImageClassification;
			};
			name = Debug;
		};
		22C2CEBA2C974E8C00A406F7 /* Release */ = {
			isa = XCBuildConfiguration;
			buildSettings = {
				ALWAYS_EMBED_SWIFT_STANDARD_LIBRARIES = YES;
				CODE_SIGN_STYLE = Automatic;
				CURRENT_PROJECT_VERSION = 1;
				DEVELOPMENT_TEAM = T44788J83Y;
				GENERATE_INFOPLIST_FILE = YES;
				MARKETING_VERSION = 1.0;
				PRODUCT_BUNDLE_IDENTIFIER = Tabita.PracticeImageClassificationUITests;
				PRODUCT_NAME = "$(TARGET_NAME)";
				SWIFT_EMIT_LOC_STRINGS = NO;
				SWIFT_VERSION = 5.0;
				TARGETED_DEVICE_FAMILY = "1,2";
				TEST_TARGET_NAME = PracticeImageClassification;
			};
			name = Release;
		};
/* End XCBuildConfiguration section */

/* Begin XCConfigurationList section */
		22C2CE842C974E8C00A406F7 /* Build configuration list for PBXProject "PracticeImageClassification" */ = {
			isa = XCConfigurationList;
			buildConfigurations = (
				22C2CEB02C974E8C00A406F7 /* Debug */,
				22C2CEB12C974E8C00A406F7 /* Release */,
			);
			defaultConfigurationIsVisible = 0;
			defaultConfigurationName = Release;
		};
		22C2CEB22C974E8C00A406F7 /* Build configuration list for PBXNativeTarget "PracticeImageClassification" */ = {
			isa = XCConfigurationList;
			buildConfigurations = (
				22C2CEB32C974E8C00A406F7 /* Debug */,
				22C2CEB42C974E8C00A406F7 /* Release */,
			);
			defaultConfigurationIsVisible = 0;
			defaultConfigurationName = Release;
		};
		22C2CEB52C974E8C00A406F7 /* Build configuration list for PBXNativeTarget "PracticeImageClassificationTests" */ = {
			isa = XCConfigurationList;
			buildConfigurations = (
				22C2CEB62C974E8C00A406F7 /* Debug */,
				22C2CEB72C974E8C00A406F7 /* Release */,
			);
			defaultConfigurationIsVisible = 0;
			defaultConfigurationName = Release;
		};
		22C2CEB82C974E8C00A406F7 /* Build configuration list for PBXNativeTarget "PracticeImageClassificationUITests" */ = {
			isa = XCConfigurationList;
			buildConfigurations = (
				22C2CEB92C974E8C00A406F7 /* Debug */,
				22C2CEBA2C974E8C00A406F7 /* Release */,
			);
			defaultConfigurationIsVisible = 0;
			defaultConfigurationName = Release;
		};
/* End XCConfigurationList section */

/* Begin XCVersionGroup section */
		22C2CE972C974E8C00A406F7 /* PracticeImageClassification.xcdatamodeld */ = {
			isa = XCVersionGroup;
			children = (
				22C2CE982C974E8C00A406F7 /* PracticeImageClassification.xcdatamodel */,
			);
			currentVersion = 22C2CE982C974E8C00A406F7 /* PracticeImageClassification.xcdatamodel */;
			path = PracticeImageClassification.xcdatamodeld;
			sourceTree = "<group>";
			versionGroupType = wrapper.xcdatamodel;
		};
/* End XCVersionGroup section */
	};
	rootObject = 22C2CE812C974E8C00A406F7 /* Project object */;
}
